
Microsoft Visual Studio Solution File, Format Version 12.00
# Visual Studio Version 17
VisualStudioVersion = 17.5.33530.505
MinimumVisualStudioVersion = 10.0.40219.1
Project("{FAE04EC0-301F-11D3-BF4B-00C04F79EFBC}") = "GerenciamentoDeContatos", "GerenciamentoDeContatos\GerenciamentoDeContatos.csproj", "{ABC4765C-56F9-48F7-ABC5-330C20377D9C}"
EndProject
Global
	GlobalSection(SolutionConfigurationPlatforms) = preSolution
		Debug|Any CPU = Debug|Any CPU
		Release|Any CPU = Release|Any CPU
	EndGlobalSection
	GlobalSection(ProjectConfigurationPlatforms) = postSolution
		{ABC4765C-56F9-48F7-ABC5-330C20377D9C}.Debug|Any CPU.ActiveCfg = Debug|Any CPU
		{ABC4765C-56F9-48F7-ABC5-330C20377D9C}.Debug|Any CPU.Build.0 = Debug|Any CPU
		{ABC4765C-56F9-48F7-ABC5-330C20377D9C}.Release|Any CPU.ActiveCfg = Release|Any CPU
		{ABC4765C-56F9-48F7-ABC5-330C20377D9C}.Release|Any CPU.Build.0 = Release|Any CPU
	EndGlobalSection
	GlobalSection(SolutionProperties) = preSolution
		HideSolutionNode = FALSE
	EndGlobalSection
	GlobalSection(ExtensibilityGlobals) = postSolution
		SolutionGuid = {70A314C0-B208-4B3E-AB8E-A31CAC8C2DD4}
	EndGlobalSection
EndGlobal
